// !$*UTF8*$!
{
	archiveVersion = 1;
	classes = {
	};
	objectVersion = 50;
	objects = {

/* Begin PBXBuildFile section */
		02FE77DD208F215300DA996B /* AppDelegate.m in Sources */ = {isa = PBXBuildFile; fileRef = 02FE77DC208F215300DA996B /* AppDelegate.m */; };
		02FE77E0208F215300DA996B /* ViewController.m in Sources */ = {isa = PBXBuildFile; fileRef = 02FE77DF208F215300DA996B /* ViewController.m */; };
		02FE77E3208F215300DA996B /* Main.storyboard in Resources */ = {isa = PBXBuildFile; fileRef = 02FE77E1208F215300DA996B /* Main.storyboard */; };
		02FE77E5208F215600DA996B /* Assets.xcassets in Resources */ = {isa = PBXBuildFile; fileRef = 02FE77E4208F215600DA996B /* Assets.xcassets */; };
		02FE77E8208F215600DA996B /* LaunchScreen.storyboard in Resources */ = {isa = PBXBuildFile; fileRef = 02FE77E6208F215600DA996B /* LaunchScreen.storyboard */; };
		02FE77EB208F215600DA996B /* main.m in Sources */ = {isa = PBXBuildFile; fileRef = 02FE77EA208F215600DA996B /* main.m */; };
		02FE77F5208F215600DA996B /* FirebaseUITests.m in Sources */ = {isa = PBXBuildFile; fileRef = 02FE77F4208F215600DA996B /* FirebaseUITests.m */; };
/* End PBXBuildFile section */

/* Begin PBXContainerItemProxy section */
		02FE77F1208F215600DA996B /* PBXContainerItemProxy */ = {
			isa = PBXContainerItemProxy;
			containerPortal = 02FE77D0208F215300DA996B /* Project object */;
			proxyType = 1;
			remoteGlobalIDString = 02FE77D7208F215300DA996B;
			remoteInfo = Firebase;
		};
/* End PBXContainerItemProxy section */

/* Begin PBXFileReference section */
		02FE77D8208F215300DA996B /* Firebase.app */ = {isa = PBXFileReference; explicitFileType = wrapper.application; includeInIndex = 0; path = Firebase.app; sourceTree = BUILT_PRODUCTS_DIR; };
		02FE77DB208F215300DA996B /* AppDelegate.h */ = {isa = PBXFileReference; lastKnownFileType = sourcecode.c.h; path = AppDelegate.h; sourceTree = "<group>"; };
		02FE77DC208F215300DA996B /* AppDelegate.m */ = {isa = PBXFileReference; lastKnownFileType = sourcecode.c.objc; path = AppDelegate.m; sourceTree = "<group>"; };
		02FE77DE208F215300DA996B /* ViewController.h */ = {isa = PBXFileReference; lastKnownFileType = sourcecode.c.h; path = ViewController.h; sourceTree = "<group>"; };
		02FE77DF208F215300DA996B /* ViewController.m */ = {isa = PBXFileReference; lastKnownFileType = sourcecode.c.objc; path = ViewController.m; sourceTree = "<group>"; };
		02FE77E2208F215300DA996B /* Base */ = {isa = PBXFileReference; lastKnownFileType = file.storyboard; name = Base; path = Base.lproj/Main.storyboard; sourceTree = "<group>"; };
		02FE77E4208F215600DA996B /* Assets.xcassets */ = {isa = PBXFileReference; lastKnownFileType = folder.assetcatalog; path = Assets.xcassets; sourceTree = "<group>"; };
		02FE77E7208F215600DA996B /* Base */ = {isa = PBXFileReference; lastKnownFileType = file.storyboard; name = Base; path = Base.lproj/LaunchScreen.storyboard; sourceTree = "<group>"; };
		02FE77E9208F215600DA996B /* Info.plist */ = {isa = PBXFileReference; lastKnownFileType = text.plist.xml; path = Info.plist; sourceTree = "<group>"; };
		02FE77EA208F215600DA996B /* main.m */ = {isa = PBXFileReference; lastKnownFileType = sourcecode.c.objc; path = main.m; sourceTree = "<group>"; };
		02FE77F0208F215600DA996B /* FirebaseUITests.xctest */ = {isa = PBXFileReference; explicitFileType = wrapper.cfbundle; includeInIndex = 0; path = FirebaseUITests.xctest; sourceTree = BUILT_PRODUCTS_DIR; };
		02FE77F4208F215600DA996B /* FirebaseUITests.m */ = {isa = PBXFileReference; lastKnownFileType = sourcecode.c.objc; path = FirebaseUITests.m; sourceTree = "<group>"; };
		02FE77F6208F215600DA996B /* Info.plist */ = {isa = PBXFileReference; lastKnownFileType = text.plist.xml; path = Info.plist; sourceTree = "<group>"; };
/* End PBXFileReference section */

/* Begin PBXFrameworksBuildPhase section */
		02FE77D5208F215300DA996B /* Frameworks */ = {
			isa = PBXFrameworksBuildPhase;
			buildActionMask = 2147483647;
			files = (
			);
			runOnlyForDeploymentPostprocessing = 0;
		};
		02FE77ED208F215600DA996B /* Frameworks */ = {
			isa = PBXFrameworksBuildPhase;
			buildActionMask = 2147483647;
			files = (
			);
			runOnlyForDeploymentPostprocessing = 0;
		};
/* End PBXFrameworksBuildPhase section */

/* Begin PBXGroup section */
		02FE77CF208F215300DA996B = {
			isa = PBXGroup;
			children = (
				02FE77DA208F215300DA996B /* Firebase */,
				02FE77F3208F215600DA996B /* FirebaseUITests */,
				02FE77D9208F215300DA996B /* Products */,
			);
			sourceTree = "<group>";
		};
		02FE77D9208F215300DA996B /* Products */ = {
			isa = PBXGroup;
			children = (
				02FE77D8208F215300DA996B /* Firebase.app */,
				02FE77F0208F215600DA996B /* FirebaseUITests.xctest */,
			);
			name = Products;
			sourceTree = "<group>";
		};
		02FE77DA208F215300DA996B /* Firebase */ = {
			isa = PBXGroup;
			children = (
				02FE77DB208F215300DA996B /* AppDelegate.h */,
				02FE77DC208F215300DA996B /* AppDelegate.m */,
				02FE77DE208F215300DA996B /* ViewController.h */,
				02FE77DF208F215300DA996B /* ViewController.m */,
				02FE77E1208F215300DA996B /* Main.storyboard */,
				02FE77E4208F215600DA996B /* Assets.xcassets */,
				02FE77E6208F215600DA996B /* LaunchScreen.storyboard */,
				02FE77E9208F215600DA996B /* Info.plist */,
				02FE77EA208F215600DA996B /* main.m */,
			);
			path = Firebase;
			sourceTree = "<group>";
		};
		02FE77F3208F215600DA996B /* FirebaseUITests */ = {
			isa = PBXGroup;
			children = (
				02FE77F4208F215600DA996B /* FirebaseUITests.m */,
				02FE77F6208F215600DA996B /* Info.plist */,
			);
			path = FirebaseUITests;
			sourceTree = "<group>";
		};
/* End PBXGroup section */

/* Begin PBXNativeTarget section */
		02FE77D7208F215300DA996B /* Firebase */ = {
			isa = PBXNativeTarget;
			buildConfigurationList = 02FE77F9208F215600DA996B /* Build configuration list for PBXNativeTarget "Firebase" */;
			buildPhases = (
				02FE77D4208F215300DA996B /* Sources */,
				02FE77D5208F215300DA996B /* Frameworks */,
				02FE77D6208F215300DA996B /* Resources */,
			);
			buildRules = (
			);
			dependencies = (
			);
			name = Firebase;
			productName = Firebase;
			productReference = 02FE77D8208F215300DA996B /* Firebase.app */;
			productType = "com.apple.product-type.application";
		};
		02FE77EF208F215600DA996B /* FirebaseUITests */ = {
			isa = PBXNativeTarget;
			buildConfigurationList = 02FE77FC208F215600DA996B /* Build configuration list for PBXNativeTarget "FirebaseUITests" */;
			buildPhases = (
				02FE77EC208F215600DA996B /* Sources */,
				02FE77ED208F215600DA996B /* Frameworks */,
				02FE77EE208F215600DA996B /* Resources */,
			);
			buildRules = (
			);
			dependencies = (
				02FE77F2208F215600DA996B /* PBXTargetDependency */,
			);
			name = FirebaseUITests;
			productName = FirebaseUITests;
			productReference = 02FE77F0208F215600DA996B /* FirebaseUITests.xctest */;
			productType = "com.apple.product-type.bundle.ui-testing";
		};
/* End PBXNativeTarget section */

/* Begin PBXProject section */
		02FE77D0208F215300DA996B /* Project object */ = {
			isa = PBXProject;
			attributes = {
				LastUpgradeCheck = 0930;
				ORGANIZATIONNAME = Elkins;
				TargetAttributes = {
					02FE77D7208F215300DA996B = {
						CreatedOnToolsVersion = 9.3;
					};
					02FE77EF208F215600DA996B = {
						CreatedOnToolsVersion = 9.3;
						TestTargetID = 02FE77D7208F215300DA996B;
					};
				};
			};
			buildConfigurationList = 02FE77D3208F215300DA996B /* Build configuration list for PBXProject "Firebase" */;
			compatibilityVersion = "Xcode 9.3";
			developmentRegion = en;
			hasScannedForEncodings = 0;
			knownRegions = (
				en,
				Base,
			);
			mainGroup = 02FE77CF208F215300DA996B;
			productRefGroup = 02FE77D9208F215300DA996B /* Products */;
			projectDirPath = "";
			projectRoot = "";
			targets = (
				02FE77D7208F215300DA996B /* Firebase */,
				02FE77EF208F215600DA996B /* FirebaseUITests */,
			);
		};
/* End PBXProject section */

/* Begin PBXResourcesBuildPhase section */
		02FE77D6208F215300DA996B /* Resources */ = {
			isa = PBXResourcesBuildPhase;
			buildActionMask = 2147483647;
			files = (
				02FE77E8208F215600DA996B /* LaunchScreen.storyboard in Resources */,
				02FE77E5208F215600DA996B /* Assets.xcassets in Resources */,
				02FE77E3208F215300DA996B /* Main.storyboard in Resources */,
			);
			runOnlyForDeploymentPostprocessing = 0;
		};
		02FE77EE208F215600DA996B /* Resources */ = {
			isa = PBXResourcesBuildPhase;
			buildActionMask = 2147483647;
			files = (
			);
			runOnlyForDeploymentPostprocessing = 0;
		};
/* End PBXResourcesBuildPhase section */

/* Begin PBXSourcesBuildPhase section */
		02FE77D4208F215300DA996B /* Sources */ = {
			isa = PBXSourcesBuildPhase;
			buildActionMask = 2147483647;
			files = (
				02FE77E0208F215300DA996B /* ViewController.m in Sources */,
				02FE77EB208F215600DA996B /* main.m in Sources */,
				02FE77DD208F215300DA996B /* AppDelegate.m in Sources */,
			);
			runOnlyForDeploymentPostprocessing = 0;
		};
		02FE77EC208F215600DA996B /* Sources */ = {
			isa = PBXSourcesBuildPhase;
			buildActionMask = 2147483647;
			files = (
				02FE77F5208F215600DA996B /* FirebaseUITests.m in Sources */,
			);
			runOnlyForDeploymentPostprocessing = 0;
		};
/* End PBXSourcesBuildPhase section */

/* Begin PBXTargetDependency section */
		02FE77F2208F215600DA996B /* PBXTargetDependency */ = {
			isa = PBXTargetDependency;
			target = 02FE77D7208F215300DA996B /* Firebase */;
			targetProxy = 02FE77F1208F215600DA996B /* PBXContainerItemProxy */;
		};
/* End PBXTargetDependency section */

/* Begin PBXVariantGroup section */
		02FE77E1208F215300DA996B /* Main.storyboard */ = {
			isa = PBXVariantGroup;
			children = (
				02FE77E2208F215300DA996B /* Base */,
			);
			name = Main.storyboard;
			sourceTree = "<group>";
		};
		02FE77E6208F215600DA996B /* LaunchScreen.storyboard */ = {
			isa = PBXVariantGroup;
			children = (
				02FE77E7208F215600DA996B /* Base */,
			);
			name = LaunchScreen.storyboard;
			sourceTree = "<group>";
		};
/* End PBXVariantGroup section */

/* Begin XCBuildConfiguration section */
		02FE77F7208F215600DA996B /* Debug */ = {
			isa = XCBuildConfiguration;
			buildSettings = {
				ALWAYS_SEARCH_USER_PATHS = NO;
				CLANG_ANALYZER_NONNULL = YES;
				CLANG_ANALYZER_NUMBER_OBJECT_CONVERSION = YES_AGGRESSIVE;
				CLANG_CXX_LANGUAGE_STANDARD = "gnu++14";
				CLANG_CXX_LIBRARY = "libc++";
				CLANG_ENABLE_MODULES = YES;
				CLANG_ENABLE_OBJC_ARC = YES;
				CLANG_ENABLE_OBJC_WEAK = YES;
				CLANG_WARN_BLOCK_CAPTURE_AUTORELEASING = YES;
				CLANG_WARN_BOOL_CONVERSION = YES;
				CLANG_WARN_COMMA = YES;
				CLANG_WARN_CONSTANT_CONVERSION = YES;
				CLANG_WARN_DEPRECATED_OBJC_IMPLEMENTATIONS = YES;
				CLANG_WARN_DIRECT_OBJC_ISA_USAGE = YES_ERROR;
				CLANG_WARN_DOCUMENTATION_COMMENTS = YES;
				CLANG_WARN_EMPTY_BODY = YES;
				CLANG_WARN_ENUM_CONVERSION = YES;
				CLANG_WARN_INFINITE_RECURSION = YES;
				CLANG_WARN_INT_CONVERSION = YES;
				CLANG_WARN_NON_LITERAL_NULL_CONVERSION = YES;
				CLANG_WARN_OBJC_IMPLICIT_RETAIN_SELF = YES;
				CLANG_WARN_OBJC_LITERAL_CONVERSION = YES;
				CLANG_WARN_OBJC_ROOT_CLASS = YES_ERROR;
				CLANG_WARN_RANGE_LOOP_ANALYSIS = YES;
				CLANG_WARN_STRICT_PROTOTYPES = YES;
				CLANG_WARN_SUSPICIOUS_MOVE = YES;
				CLANG_WARN_UNGUARDED_AVAILABILITY = YES_AGGRESSIVE;
				CLANG_WARN_UNREACHABLE_CODE = YES;
				CLANG_WARN__DUPLICATE_METHOD_MATCH = YES;
				CODE_SIGN_IDENTITY = "iPhone Developer";
				COPY_PHASE_STRIP = NO;
				DEBUG_INFORMATION_FORMAT = dwarf;
				ENABLE_STRICT_OBJC_MSGSEND = YES;
				ENABLE_TESTABILITY = YES;
				GCC_C_LANGUAGE_STANDARD = gnu11;
				GCC_DYNAMIC_NO_PIC = NO;
				GCC_NO_COMMON_BLOCKS = YES;
				GCC_OPTIMIZATION_LEVEL = 0;
				GCC_PREPROCESSOR_DEFINITIONS = (
					"DEBUG=1",
					"$(inherited)",
				);
				GCC_WARN_64_TO_32_BIT_CONVERSION = YES;
				GCC_WARN_ABOUT_RETURN_TYPE = YES_ERROR;
				GCC_WARN_UNDECLARED_SELECTOR = YES;
				GCC_WARN_UNINITIALIZED_AUTOS = YES_AGGRESSIVE;
				GCC_WARN_UNUSED_FUNCTION = YES;
				GCC_WARN_UNUSED_VARIABLE = YES;
				IPHONEOS_DEPLOYMENT_TARGET = 11.3;
				MTL_ENABLE_DEBUG_INFO = YES;
				ONLY_ACTIVE_ARCH = YES;
				SDKROOT = iphoneos;
			};
			name = Debug;
		};
		02FE77F8208F215600DA996B /* Release */ = {
			isa = XCBuildConfiguration;
			buildSettings = {
				ALWAYS_SEARCH_USER_PATHS = NO;
				CLANG_ANALYZER_NONNULL = YES;
				CLANG_ANALYZER_NUMBER_OBJECT_CONVERSION = YES_AGGRESSIVE;
				CLANG_CXX_LANGUAGE_STANDARD = "gnu++14";
				CLANG_CXX_LIBRARY = "libc++";
				CLANG_ENABLE_MODULES = YES;
				CLANG_ENABLE_OBJC_ARC = YES;
				CLANG_ENABLE_OBJC_WEAK = YES;
				CLANG_WARN_BLOCK_CAPTURE_AUTORELEASING = YES;
				CLANG_WARN_BOOL_CONVERSION = YES;
				CLANG_WARN_COMMA = YES;
				CLANG_WARN_CONSTANT_CONVERSION = YES;
				CLANG_WARN_DEPRECATED_OBJC_IMPLEMENTATIONS = YES;
				CLANG_WARN_DIRECT_OBJC_ISA_USAGE = YES_ERROR;
				CLANG_WARN_DOCUMENTATION_COMMENTS = YES;
				CLANG_WARN_EMPTY_BODY = YES;
				CLANG_WARN_ENUM_CONVERSION = YES;
				CLANG_WARN_INFINITE_RECURSION = YES;
				CLANG_WARN_INT_CONVERSION = YES;
				CLANG_WARN_NON_LITERAL_NULL_CONVERSION = YES;
				CLANG_WARN_OBJC_IMPLICIT_RETAIN_SELF = YES;
				CLANG_WARN_OBJC_LITERAL_CONVERSION = YES;
				CLANG_WARN_OBJC_ROOT_CLASS = YES_ERROR;
				CLANG_WARN_RANGE_LOOP_ANALYSIS = YES;
				CLANG_WARN_STRICT_PROTOTYPES = YES;
				CLANG_WARN_SUSPICIOUS_MOVE = YES;
				CLANG_WARN_UNGUARDED_AVAILABILITY = YES_AGGRESSIVE;
				CLANG_WARN_UNREACHABLE_CODE = YES;
				CLANG_WARN__DUPLICATE_METHOD_MATCH = YES;
				CODE_SIGN_IDENTITY = "iPhone Developer";
				COPY_PHASE_STRIP = NO;
				DEBUG_INFORMATION_FORMAT = "dwarf-with-dsym";
				ENABLE_NS_ASSERTIONS = NO;
				ENABLE_STRICT_OBJC_MSGSEND = YES;
				GCC_C_LANGUAGE_STANDARD = gnu11;
				GCC_NO_COMMON_BLOCKS = YES;
				GCC_WARN_64_TO_32_BIT_CONVERSION = YES;
				GCC_WARN_ABOUT_RETURN_TYPE = YES_ERROR;
				GCC_WARN_UNDECLARED_SELECTOR = YES;
				GCC_WARN_UNINITIALIZED_AUTOS = YES_AGGRESSIVE;
				GCC_WARN_UNUSED_FUNCTION = YES;
				GCC_WARN_UNUSED_VARIABLE = YES;
				IPHONEOS_DEPLOYMENT_TARGET = 11.3;
				MTL_ENABLE_DEBUG_INFO = NO;
				SDKROOT = iphoneos;
				VALIDATE_PRODUCT = YES;
			};
			name = Release;
		};
		02FE77FA208F215600DA996B /* Debug */ = {
			isa = XCBuildConfiguration;
			buildSettings = {
				ASSETCATALOG_COMPILER_APPICON_NAME = AppIcon;
				CODE_SIGN_STYLE = Automatic;
				DEVELOPMENT_TEAM = E82XTPYCKU;
				INFOPLIST_FILE = Firebase/Info.plist;
				LD_RUNPATH_SEARCH_PATHS = (
					"$(inherited)",
					"@executable_path/Frameworks",
				);
				PRODUCT_BUNDLE_IDENTIFIER = com.litesama.Firebase;
				PRODUCT_NAME = "$(TARGET_NAME)";
				TARGETED_DEVICE_FAMILY = "1,2";
			};
			name = Debug;
		};
		02FE77FB208F215600DA996B /* Release */ = {
			isa = XCBuildConfiguration;
			buildSettings = {
				ASSETCATALOG_COMPILER_APPICON_NAME = AppIcon;
				CODE_SIGN_STYLE = Automatic;
				DEVELOPMENT_TEAM = E82XTPYCKU;
				INFOPLIST_FILE = Firebase/Info.plist;
				LD_RUNPATH_SEARCH_PATHS = (
					"$(inherited)",
					"@executable_path/Frameworks",
				);
				PRODUCT_BUNDLE_IDENTIFIER = com.litesama.Firebase;
				PRODUCT_NAME = "$(TARGET_NAME)";
				TARGETED_DEVICE_FAMILY = "1,2";
			};
			name = Release;
		};
		02FE77FD208F215600DA996B /* Debug */ = {
			isa = XCBuildConfiguration;
			buildSettings = {
				CODE_SIGN_STYLE = Automatic;
				DEVELOPMENT_TEAM = E82XTPYCKU;
				INFOPLIST_FILE = FirebaseUITests/Info.plist;
				LD_RUNPATH_SEARCH_PATHS = (
					"$(inherited)",
					"@executable_path/Frameworks",
					"@loader_path/Frameworks",
				);
				PRODUCT_BUNDLE_IDENTIFIER = com.litesama.FirebaseUITests;
				PRODUCT_NAME = "$(TARGET_NAME)";
				TARGETED_DEVICE_FAMILY = "1,2";
				TEST_TARGET_NAME = Firebase;
			};
			name = Debug;
		};
		02FE77FE208F215600DA996B /* Release */ = {
			isa = XCBuildConfiguration;
			buildSettings = {
				CODE_SIGN_STYLE = Automatic;
				DEVELOPMENT_TEAM = E82XTPYCKU;
				INFOPLIST_FILE = FirebaseUITests/Info.plist;
				LD_RUNPATH_SEARCH_PATHS = (
					"$(inherited)",
					"@executable_path/Frameworks",
					"@loader_path/Frameworks",
				);
				PRODUCT_BUNDLE_IDENTIFIER = com.litesama.FirebaseUITests;
				PRODUCT_NAME = "$(TARGET_NAME)";
				TARGETED_DEVICE_FAMILY = "1,2";
				TEST_TARGET_NAME = Firebase;
			};
			name = Release;
		};
/* End XCBuildConfiguration section */

/* Begin XCConfigurationList section */
		02FE77D3208F215300DA996B /* Build configuration list for PBXProject "Firebase" */ = {
			isa = XCConfigurationList;
			buildConfigurations = (
				02FE77F7208F215600DA996B /* Debug */,
				02FE77F8208F215600DA996B /* Release */,
			);
			defaultConfigurationIsVisible = 0;
			defaultConfigurationName = Release;
		};
		02FE77F9208F215600DA996B /* Build configuration list for PBXNativeTarget "Firebase" */ = {
			isa = XCConfigurationList;
			buildConfigurations = (
				02FE77FA208F215600DA996B /* Debug */,
				02FE77FB208F215600DA996B /* Release */,
			);
			defaultConfigurationIsVisible = 0;
			defaultConfigurationName = Release;
		};
		02FE77FC208F215600DA996B /* Build configuration list for PBXNativeTarget "FirebaseUITests" */ = {
			isa = XCConfigurationList;
			buildConfigurations = (
				02FE77FD208F215600DA996B /* Debug */,
				02FE77FE208F215600DA996B /* Release */,
			);
			defaultConfigurationIsVisible = 0;
			defaultConfigurationName = Release;
		};
/* End XCConfigurationList section */
	};
	rootObject = 02FE77D0208F215300DA996B /* Project object */;
}
